[[package]]
name = "mutagen"
version = "1.45.1"
description = "read and write audio tags for many formats"
category = "main"
optional = false
python-versions = ">=3.5, <4"

[metadata]
lock-version = "1.1"
python-versions = "^3.9"
content-hash = "e02a3a6085bcfb8df958666af32e065c627462012342289d170c128854fd203c"

[metadata.files]
mutagen = [
    {file = "mutagen-1.45.1-py3-none-any.whl", hash = "sha256:9c9f243fcec7f410f138cb12c21c84c64fde4195481a30c9bfb05b5f003adfed"},
    {file = "mutagen-1.45.1.tar.gz", hash = "sha256:6397602efb3c2d7baebd2166ed85731ae1c1d475abca22090b7141ff5034b3e1"},
]
